// !$*UTF8*$!
{
	archiveVersion = 1;
	classes = {
	};
	objectVersion = 77;
	objects = {

/* Begin PBXBuildFile section */
		5317BF322E24E00900DE0BD2 /* TreeView.swift in Sources */ = {isa = PBXBuildFile; fileRef = 5317BF312E24E00900DE0BD2 /* TreeView.swift */; };
		5317BF362E24E0FB00DE0BD2 /* Assets.xcassets in Resources */ = {isa = PBXBuildFile; fileRef = 5317BF352E24E0FB00DE0BD2 /* Assets.xcassets */; };
		5317BF3B2E24EA8600DE0BD2 /* SubletListingView.swift in Sources */ = {isa = PBXBuildFile; fileRef = 5317BF3A2E24EA8600DE0BD2 /* SubletListingView.swift */; };
		5317BF422E25D93300DE0BD2 /* SearchAndFilterBar.swift in Sources */ = {isa = PBXBuildFile; fileRef = 5317BF412E25D93300DE0BD2 /* SearchAndFilterBar.swift */; };
		5317BF442E25F4A500DE0BD2 /* SubletListingDetailView.swift in Sources */ = {isa = PBXBuildFile; fileRef = 5317BF432E25F4A500DE0BD2 /* SubletListingDetailView.swift */; };
		5317BF462E25F70D00DE0BD2 /* TreeListingModifier.swift in Sources */ = {isa = PBXBuildFile; fileRef = 5317BF452E25F70D00DE0BD2 /* TreeListingModifier.swift */; };
		532DAEB12E39A94C0074C97F /* StorePostView.swift in Sources */ = {isa = PBXBuildFile; fileRef = 532DAEB02E39A94C0074C97F /* StorePostView.swift */; };
		532DAEB32E39B0950074C97F /* DropDownPost.swift in Sources */ = {isa = PBXBuildFile; fileRef = 532DAEB22E39B0950074C97F /* DropDownPost.swift */; };
		532DAEB52E39B8D50074C97F /* StorePhotoPostView.swift in Sources */ = {isa = PBXBuildFile; fileRef = 532DAEB42E39B8D50074C97F /* StorePhotoPostView.swift */; };
		532DAEB72E39C4020074C97F /* StoresService.swift in Sources */ = {isa = PBXBuildFile; fileRef = 532DAEB62E39C4020074C97F /* StoresService.swift */; };
		532DAEB92E39C4100074C97F /* StoresViewModel.swift in Sources */ = {isa = PBXBuildFile; fileRef = 532DAEB82E39C4100074C97F /* StoresViewModel.swift */; };
		532DAEBB2E39CB8B0074C97F /* ClearData.swift in Sources */ = {isa = PBXBuildFile; fileRef = 532DAEBA2E39CB8B0074C97F /* ClearData.swift */; };
		532DAEBD2E39CF420074C97F /* DropDownMenuTreeView.swift in Sources */ = {isa = PBXBuildFile; fileRef = 532DAEBC2E39CF420074C97F /* DropDownMenuTreeView.swift */; };
		532DAEBF2E39D08E0074C97F /* PostView.swift in Sources */ = {isa = PBXBuildFile; fileRef = 532DAEBE2E39D08E0074C97F /* PostView.swift */; };
		532DAEC12E39D2440074C97F /* PostDropDownMenuView.swift in Sources */ = {isa = PBXBuildFile; fileRef = 532DAEC02E39D2440074C97F /* PostDropDownMenuView.swift */; };
		533B24952E30EA2A00D773CB /* SubletPostView.swift in Sources */ = {isa = PBXBuildFile; fileRef = 533B24942E30EA2A00D773CB /* SubletPostView.swift */; };
		533B24972E31E65100D773CB /* SubletPhotoPostView.swift in Sources */ = {isa = PBXBuildFile; fileRef = 533B24962E31E65100D773CB /* SubletPhotoPostView.swift */; };
		5353BE802E2AEB7600C2FEAE /* MessagesService.swift in Sources */ = {isa = PBXBuildFile; fileRef = 5353BE7F2E2AEB7600C2FEAE /* MessagesService.swift */; };
		5353BE832E2B40B500C2FEAE /* Date.swift in Sources */ = {isa = PBXBuildFile; fileRef = 5353BE822E2B40B500C2FEAE /* Date.swift */; };
		5353BE852E2B4E8B00C2FEAE /* ImageUploader.swift in Sources */ = {isa = PBXBuildFile; fileRef = 5353BE842E2B4E8B00C2FEAE /* ImageUploader.swift */; };
		5353BE882E2B527000C2FEAE /* Kingfisher in Frameworks */ = {isa = PBXBuildFile; productRef = 5353BE872E2B527000C2FEAE /* Kingfisher */; };
		5353BE8A2E2B794600C2FEAE /* SubletsViewModel.swift in Sources */ = {isa = PBXBuildFile; fileRef = 5353BE892E2B794600C2FEAE /* SubletsViewModel.swift */; };
		536BA19B2E275775005B25F1 /* ProfileView.swift in Sources */ = {isa = PBXBuildFile; fileRef = 536BA19A2E275775005B25F1 /* ProfileView.swift */; };
		5393035D2E23AAED000B88FB /* TREE.xcdatamodeld in Sources */ = {isa = PBXBuildFile; fileRef = 539303582E23AAED000B88FB /* TREE.xcdatamodeld */; };
		5393035E2E23AAED000B88FB /* TREEApp.swift in Sources */ = {isa = PBXBuildFile; fileRef = 539303592E23AAED000B88FB /* TREEApp.swift */; };
		539303612E23AAEF000B88FB /* TREETests.swift in Sources */ = {isa = PBXBuildFile; fileRef = 5393035F2E23AAEF000B88FB /* TREETests.swift */; };
		539303652E23AAF1000B88FB /* TREEUITests.swift in Sources */ = {isa = PBXBuildFile; fileRef = 539303622E23AAF1000B88FB /* TREEUITests.swift */; };
		539303662E23AAF1000B88FB /* TREEUITestsLaunchTests.swift in Sources */ = {isa = PBXBuildFile; fileRef = 539303632E23AAF1000B88FB /* TREEUITestsLaunchTests.swift */; };
		539303722E23ABB1000B88FB /* MainTabView.swift in Sources */ = {isa = PBXBuildFile; fileRef = 539303712E23ABB1000B88FB /* MainTabView.swift */; };
		539303742E23AC94000B88FB /* ContentView.swift in Sources */ = {isa = PBXBuildFile; fileRef = 539303732E23AC94000B88FB /* ContentView.swift */; };
		53A8628B2E2714C700280C2F /* Users.swift in Sources */ = {isa = PBXBuildFile; fileRef = 53A8628A2E2714C700280C2F /* Users.swift */; };
		53A8628D2E271B6100280C2F /* MessagesView.swift in Sources */ = {isa = PBXBuildFile; fileRef = 53A8628C2E271B6100280C2F /* MessagesView.swift */; };
		53A8628F2E27220A00280C2F /* MessageRowView.swift in Sources */ = {isa = PBXBuildFile; fileRef = 53A8628E2E27220A00280C2F /* MessageRowView.swift */; };
		53A862912E27431100280C2F /* ProfileSettingView.swift in Sources */ = {isa = PBXBuildFile; fileRef = 53A862902E27431100280C2F /* ProfileSettingView.swift */; };
		53BC4F412E4D58A900ED7EEE /* ProfileElementView.swift in Sources */ = {isa = PBXBuildFile; fileRef = 53BC4F402E4D58A900ED7EEE /* ProfileElementView.swift */; };
		53BC4F432E4D6F9100ED7EEE /* chatButton.swift in Sources */ = {isa = PBXBuildFile; fileRef = 53BC4F422E4D6F9100ED7EEE /* chatButton.swift */; };
		53BC4F452E4D833100ED7EEE /* ViewModelManager.swift in Sources */ = {isa = PBXBuildFile; fileRef = 53BC4F442E4D833100ED7EEE /* ViewModelManager.swift */; };
		53BE40262E46DE7200190947 /* FirebaseMessaging in Frameworks */ = {isa = PBXBuildFile; productRef = 53BE40252E46DE7200190947 /* FirebaseMessaging */; };
		53E249A42E26203C00068C1B /* Trees.swift in Sources */ = {isa = PBXBuildFile; fileRef = 53E249A32E26203C00068C1B /* Trees.swift */; };
		53E249A62E26262A00068C1B /* DeveloperPreview.swift in Sources */ = {isa = PBXBuildFile; fileRef = 53E249A52E26262A00068C1B /* DeveloperPreview.swift */; };
		53E249AB2E2629AC00068C1B /* SubletsService.swift in Sources */ = {isa = PBXBuildFile; fileRef = 53E249AA2E2629AC00068C1B /* SubletsService.swift */; };
		53E249AD2E26332E00068C1B /* LogoScreen.swift in Sources */ = {isa = PBXBuildFile; fileRef = 53E249AC2E26332E00068C1B /* LogoScreen.swift */; };
		53E249B02E26423700068C1B /* LoginView.swift in Sources */ = {isa = PBXBuildFile; fileRef = 53E249AF2E26423700068C1B /* LoginView.swift */; };
		53E249B22E26490000068C1B /* RegistrationView.swift in Sources */ = {isa = PBXBuildFile; fileRef = 53E249B12E26490000068C1B /* RegistrationView.swift */; };
		53E249B42E26498D00068C1B /* TextFieldModifier.swift in Sources */ = {isa = PBXBuildFile; fileRef = 53E249B32E26498D00068C1B /* TextFieldModifier.swift */; };
		53F2DD7B2E287A3E003A9EE8 /* StoreListingView.swift in Sources */ = {isa = PBXBuildFile; fileRef = 53F2DD7A2E287A3E003A9EE8 /* StoreListingView.swift */; };
		53F2DD7D2E28B786003A9EE8 /* CautionView.swift in Sources */ = {isa = PBXBuildFile; fileRef = 53F2DD7C2E28B786003A9EE8 /* CautionView.swift */; };
		53F2DD7F2E28D3DC003A9EE8 /* StoreListingDetailView.swift in Sources */ = {isa = PBXBuildFile; fileRef = 53F2DD7E2E28D3DC003A9EE8 /* StoreListingDetailView.swift */; };
		53F2DD812E2970CA003A9EE8 /* ChatView.swift in Sources */ = {isa = PBXBuildFile; fileRef = 53F2DD802E2970CA003A9EE8 /* ChatView.swift */; };
		53F2DD832E29711A003A9EE8 /* CircularProfileImageView.swift in Sources */ = {isa = PBXBuildFile; fileRef = 53F2DD822E29711A003A9EE8 /* CircularProfileImageView.swift */; };
		53F2DD852E297E0B003A9EE8 /* ChatCellView.swift in Sources */ = {isa = PBXBuildFile; fileRef = 53F2DD842E297E0B003A9EE8 /* ChatCellView.swift */; };
		53F2DD8C2E2987C9003A9EE8 /* FirebaseAuth in Frameworks */ = {isa = PBXBuildFile; productRef = 53F2DD8B2E2987C9003A9EE8 /* FirebaseAuth */; };
		53F2DD8E2E2987C9003A9EE8 /* FirebaseAuthCombine-Community in Frameworks */ = {isa = PBXBuildFile; productRef = 53F2DD8D2E2987C9003A9EE8 /* FirebaseAuthCombine-Community */; };
		53F2DD902E2987C9003A9EE8 /* FirebaseDatabase in Frameworks */ = {isa = PBXBuildFile; productRef = 53F2DD8F2E2987C9003A9EE8 /* FirebaseDatabase */; };
		53F2DD922E2987C9003A9EE8 /* FirebaseFirestore in Frameworks */ = {isa = PBXBuildFile; productRef = 53F2DD912E2987C9003A9EE8 /* FirebaseFirestore */; };
		53F2DD942E2987C9003A9EE8 /* FirebaseFirestoreCombine-Community in Frameworks */ = {isa = PBXBuildFile; productRef = 53F2DD932E2987C9003A9EE8 /* FirebaseFirestoreCombine-Community */; };
		53F2DD962E2987C9003A9EE8 /* FirebaseStorage in Frameworks */ = {isa = PBXBuildFile; productRef = 53F2DD952E2987C9003A9EE8 /* FirebaseStorage */; };
		53F2DD982E2987C9003A9EE8 /* FirebaseStorageCombine-Community in Frameworks */ = {isa = PBXBuildFile; productRef = 53F2DD972E2987C9003A9EE8 /* FirebaseStorageCombine-Community */; };
		53F2DD992E298E74003A9EE8 /* GoogleService-Info.plist in Resources */ = {isa = PBXBuildFile; fileRef = 53F2DD882E298609003A9EE8 /* GoogleService-Info.plist */; };
		53F2DD9B2E29BE64003A9EE8 /* LoginViewModel.swift in Sources */ = {isa = PBXBuildFile; fileRef = 53F2DD9A2E29BE64003A9EE8 /* LoginViewModel.swift */; };
		53F2DD9D2E29BE80003A9EE8 /* RegistrationViewModel.swift in Sources */ = {isa = PBXBuildFile; fileRef = 53F2DD9C2E29BE80003A9EE8 /* RegistrationViewModel.swift */; };
		53F2DD9F2E29BE95003A9EE8 /* AuthService.swift in Sources */ = {isa = PBXBuildFile; fileRef = 53F2DD9E2E29BE95003A9EE8 /* AuthService.swift */; };
		53F2DDA12E29C92F003A9EE8 /* ContentViewModel.swift in Sources */ = {isa = PBXBuildFile; fileRef = 53F2DDA02E29C92F003A9EE8 /* ContentViewModel.swift */; };
		53F2DDA32E29DCA3003A9EE8 /* UserService.swift in Sources */ = {isa = PBXBuildFile; fileRef = 53F2DDA22E29DCA3003A9EE8 /* UserService.swift */; };
		53F2DDA52E29E533003A9EE8 /* ProfileViewModel.swift in Sources */ = {isa = PBXBuildFile; fileRef = 53F2DDA42E29E533003A9EE8 /* ProfileViewModel.swift */; };
		53F2DDA72E29FF36003A9EE8 /* MessagesViewModel.swift in Sources */ = {isa = PBXBuildFile; fileRef = 53F2DDA62E29FF36003A9EE8 /* MessagesViewModel.swift */; };
		53F2DDA92E2A1A90003A9EE8 /* Messages.swift in Sources */ = {isa = PBXBuildFile; fileRef = 53F2DDA82E2A1A90003A9EE8 /* Messages.swift */; };
		53F2DDAB2E2A1CD0003A9EE8 /* ChatService.swift in Sources */ = {isa = PBXBuildFile; fileRef = 53F2DDAA2E2A1CD0003A9EE8 /* ChatService.swift */; };
		53F2DDAD2E2A2CF1003A9EE8 /* ChatViewModel.swift in Sources */ = {isa = PBXBuildFile; fileRef = 53F2DDAC2E2A2CF1003A9EE8 /* ChatViewModel.swift */; };
		53F2DDB02E2A3BE1003A9EE8 /* Constants.swift in Sources */ = {isa = PBXBuildFile; fileRef = 53F2DDAF2E2A3BE1003A9EE8 /* Constants.swift */; };
/* End PBXBuildFile section */

/* Begin PBXContainerItemProxy section */
		53A989C52DD8002200FADC05 /* PBXContainerItemProxy */ = {
			isa = PBXContainerItemProxy;
			containerPortal = 53A989A92DD8001E00FADC05 /* Project object */;
			proxyType = 1;
			remoteGlobalIDString = 53A989B02DD8001E00FADC05;
			remoteInfo = TREE;
		};
		53A989CF2DD8002200FADC05 /* PBXContainerItemProxy */ = {
			isa = PBXContainerItemProxy;
			containerPortal = 53A989A92DD8001E00FADC05 /* Project object */;
			proxyType = 1;
			remoteGlobalIDString = 53A989B02DD8001E00FADC05;
			remoteInfo = TREE;
		};
/* End PBXContainerItemProxy section */

/* Begin PBXFileReference section */
		5317BF312E24E00900DE0BD2 /* TreeView.swift */ = {isa = PBXFileReference; lastKnownFileType = sourcecode.swift; path = TreeView.swift; sourceTree = "<group>"; };
		5317BF352E24E0FB00DE0BD2 /* Assets.xcassets */ = {isa = PBXFileReference; lastKnownFileType = folder.assetcatalog; path = Assets.xcassets; sourceTree = "<group>"; };
		5317BF3A2E24EA8600DE0BD2 /* SubletListingView.swift */ = {isa = PBXFileReference; lastKnownFileType = sourcecode.swift; path = SubletListingView.swift; sourceTree = "<group>"; };
		5317BF412E25D93300DE0BD2 /* SearchAndFilterBar.swift */ = {isa = PBXFileReference; lastKnownFileType = sourcecode.swift; path = SearchAndFilterBar.swift; sourceTree = "<group>"; };
		5317BF432E25F4A500DE0BD2 /* SubletListingDetailView.swift */ = {isa = PBXFileReference; lastKnownFileType = sourcecode.swift; path = SubletListingDetailView.swift; sourceTree = "<group>"; };
		5317BF452E25F70D00DE0BD2 /* TreeListingModifier.swift */ = {isa = PBXFileReference; lastKnownFileType = sourcecode.swift; path = TreeListingModifier.swift; sourceTree = "<group>"; };
		532DAEB02E39A94C0074C97F /* StorePostView.swift */ = {isa = PBXFileReference; lastKnownFileType = sourcecode.swift; path = StorePostView.swift; sourceTree = "<group>"; };
		532DAEB22E39B0950074C97F /* DropDownPost.swift */ = {isa = PBXFileReference; lastKnownFileType = sourcecode.swift; path = DropDownPost.swift; sourceTree = "<group>"; };
		532DAEB42E39B8D50074C97F /* StorePhotoPostView.swift */ = {isa = PBXFileReference; lastKnownFileType = sourcecode.swift; path = StorePhotoPostView.swift; sourceTree = "<group>"; };
		532DAEB62E39C4020074C97F /* StoresService.swift */ = {isa = PBXFileReference; lastKnownFileType = sourcecode.swift; path = StoresService.swift; sourceTree = "<group>"; };
		532DAEB82E39C4100074C97F /* StoresViewModel.swift */ = {isa = PBXFileReference; lastKnownFileType = sourcecode.swift; path = StoresViewModel.swift; sourceTree = "<group>"; };
		532DAEBA2E39CB8B0074C97F /* ClearData.swift */ = {isa = PBXFileReference; lastKnownFileType = sourcecode.swift; path = ClearData.swift; sourceTree = "<group>"; };
		532DAEBC2E39CF420074C97F /* DropDownMenuTreeView.swift */ = {isa = PBXFileReference; lastKnownFileType = sourcecode.swift; path = DropDownMenuTreeView.swift; sourceTree = "<group>"; };
		532DAEBE2E39D08E0074C97F /* PostView.swift */ = {isa = PBXFileReference; lastKnownFileType = sourcecode.swift; path = PostView.swift; sourceTree = "<group>"; };
		532DAEC02E39D2440074C97F /* PostDropDownMenuView.swift */ = {isa = PBXFileReference; lastKnownFileType = sourcecode.swift; path = PostDropDownMenuView.swift; sourceTree = "<group>"; };
		533B24942E30EA2A00D773CB /* SubletPostView.swift */ = {isa = PBXFileReference; lastKnownFileType = sourcecode.swift; path = SubletPostView.swift; sourceTree = "<group>"; };
		533B24962E31E65100D773CB /* SubletPhotoPostView.swift */ = {isa = PBXFileReference; lastKnownFileType = sourcecode.swift; path = SubletPhotoPostView.swift; sourceTree = "<group>"; };
		5353BE7F2E2AEB7600C2FEAE /* MessagesService.swift */ = {isa = PBXFileReference; lastKnownFileType = sourcecode.swift; path = MessagesService.swift; sourceTree = "<group>"; };
		5353BE822E2B40B500C2FEAE /* Date.swift */ = {isa = PBXFileReference; lastKnownFileType = sourcecode.swift; path = Date.swift; sourceTree = "<group>"; };
		5353BE842E2B4E8B00C2FEAE /* ImageUploader.swift */ = {isa = PBXFileReference; lastKnownFileType = sourcecode.swift; path = ImageUploader.swift; sourceTree = "<group>"; };
		5353BE892E2B794600C2FEAE /* SubletsViewModel.swift */ = {isa = PBXFileReference; lastKnownFileType = sourcecode.swift; path = SubletsViewModel.swift; sourceTree = "<group>"; };
		536BA19A2E275775005B25F1 /* ProfileView.swift */ = {isa = PBXFileReference; lastKnownFileType = sourcecode.swift; path = ProfileView.swift; sourceTree = "<group>"; };
		539303572E23AAED000B88FB /* TREE.entitlements */ = {isa = PBXFileReference; lastKnownFileType = text.plist.entitlements; path = TREE.entitlements; sourceTree = "<group>"; };
		539303592E23AAED000B88FB /* TREEApp.swift */ = {isa = PBXFileReference; lastKnownFileType = sourcecode.swift; path = TREEApp.swift; sourceTree = "<group>"; };
		5393035B2E23AAED000B88FB /* TREE.xcdatamodel */ = {isa = PBXFileReference; lastKnownFileType = wrapper.xcdatamodel; path = TREE.xcdatamodel; sourceTree = "<group>"; };
		5393035F2E23AAEF000B88FB /* TREETests.swift */ = {isa = PBXFileReference; lastKnownFileType = sourcecode.swift; path = TREETests.swift; sourceTree = "<group>"; };
		539303622E23AAF1000B88FB /* TREEUITests.swift */ = {isa = PBXFileReference; lastKnownFileType = sourcecode.swift; path = TREEUITests.swift; sourceTree = "<group>"; };
		539303632E23AAF1000B88FB /* TREEUITestsLaunchTests.swift */ = {isa = PBXFileReference; lastKnownFileType = sourcecode.swift; path = TREEUITestsLaunchTests.swift; sourceTree = "<group>"; };
		539303712E23ABB1000B88FB /* MainTabView.swift */ = {isa = PBXFileReference; lastKnownFileType = sourcecode.swift; path = MainTabView.swift; sourceTree = "<group>"; };
		539303732E23AC94000B88FB /* ContentView.swift */ = {isa = PBXFileReference; lastKnownFileType = sourcecode.swift; path = ContentView.swift; sourceTree = "<group>"; };
		53A8628A2E2714C700280C2F /* Users.swift */ = {isa = PBXFileReference; lastKnownFileType = sourcecode.swift; path = Users.swift; sourceTree = "<group>"; };
		53A8628C2E271B6100280C2F /* MessagesView.swift */ = {isa = PBXFileReference; lastKnownFileType = sourcecode.swift; path = MessagesView.swift; sourceTree = "<group>"; };
		53A8628E2E27220A00280C2F /* MessageRowView.swift */ = {isa = PBXFileReference; lastKnownFileType = sourcecode.swift; path = MessageRowView.swift; sourceTree = "<group>"; };
		53A862902E27431100280C2F /* ProfileSettingView.swift */ = {isa = PBXFileReference; lastKnownFileType = sourcecode.swift; path = ProfileSettingView.swift; sourceTree = "<group>"; };
		53A989B12DD8001E00FADC05 /* TREE.app */ = {isa = PBXFileReference; explicitFileType = wrapper.application; includeInIndex = 0; path = TREE.app; sourceTree = BUILT_PRODUCTS_DIR; };
		53A989C42DD8002200FADC05 /* TREETests.xctest */ = {isa = PBXFileReference; explicitFileType = wrapper.cfbundle; includeInIndex = 0; path = TREETests.xctest; sourceTree = BUILT_PRODUCTS_DIR; };
		53A989CE2DD8002200FADC05 /* TREEUITests.xctest */ = {isa = PBXFileReference; explicitFileType = wrapper.cfbundle; includeInIndex = 0; path = TREEUITests.xctest; sourceTree = BUILT_PRODUCTS_DIR; };
		53BC4F402E4D58A900ED7EEE /* ProfileElementView.swift */ = {isa = PBXFileReference; lastKnownFileType = sourcecode.swift; path = ProfileElementView.swift; sourceTree = "<group>"; };
		53BC4F422E4D6F9100ED7EEE /* chatButton.swift */ = {isa = PBXFileReference; lastKnownFileType = sourcecode.swift; path = chatButton.swift; sourceTree = "<group>"; };
		53BC4F442E4D833100ED7EEE /* ViewModelManager.swift */ = {isa = PBXFileReference; lastKnownFileType = sourcecode.swift; path = ViewModelManager.swift; sourceTree = "<group>"; };
		53E249A32E26203C00068C1B /* Trees.swift */ = {isa = PBXFileReference; lastKnownFileType = sourcecode.swift; path = Trees.swift; sourceTree = "<group>"; };
		53E249A52E26262A00068C1B /* DeveloperPreview.swift */ = {isa = PBXFileReference; lastKnownFileType = sourcecode.swift; path = DeveloperPreview.swift; sourceTree = "<group>"; };
		53E249AA2E2629AC00068C1B /* SubletsService.swift */ = {isa = PBXFileReference; lastKnownFileType = sourcecode.swift; path = SubletsService.swift; sourceTree = "<group>"; };
		53E249AC2E26332E00068C1B /* LogoScreen.swift */ = {isa = PBXFileReference; lastKnownFileType = sourcecode.swift; path = LogoScreen.swift; sourceTree = "<group>"; };
		53E249AF2E26423700068C1B /* LoginView.swift */ = {isa = PBXFileReference; lastKnownFileType = sourcecode.swift; path = LoginView.swift; sourceTree = "<group>"; };
		53E249B12E26490000068C1B /* RegistrationView.swift */ = {isa = PBXFileReference; lastKnownFileType = sourcecode.swift; path = RegistrationView.swift; sourceTree = "<group>"; };
		53E249B32E26498D00068C1B /* TextFieldModifier.swift */ = {isa = PBXFileReference; lastKnownFileType = sourcecode.swift; path = TextFieldModifier.swift; sourceTree = "<group>"; };
		53F2DD7A2E287A3E003A9EE8 /* StoreListingView.swift */ = {isa = PBXFileReference; lastKnownFileType = sourcecode.swift; path = StoreListingView.swift; sourceTree = "<group>"; };
		53F2DD7C2E28B786003A9EE8 /* CautionView.swift */ = {isa = PBXFileReference; lastKnownFileType = sourcecode.swift; path = CautionView.swift; sourceTree = "<group>"; };
		53F2DD7E2E28D3DC003A9EE8 /* StoreListingDetailView.swift */ = {isa = PBXFileReference; lastKnownFileType = sourcecode.swift; path = StoreListingDetailView.swift; sourceTree = "<group>"; };
		53F2DD802E2970CA003A9EE8 /* ChatView.swift */ = {isa = PBXFileReference; lastKnownFileType = sourcecode.swift; path = ChatView.swift; sourceTree = "<group>"; };
		53F2DD822E29711A003A9EE8 /* CircularProfileImageView.swift */ = {isa = PBXFileReference; lastKnownFileType = sourcecode.swift; path = CircularProfileImageView.swift; sourceTree = "<group>"; };
		53F2DD842E297E0B003A9EE8 /* ChatCellView.swift */ = {isa = PBXFileReference; lastKnownFileType = sourcecode.swift; path = ChatCellView.swift; sourceTree = "<group>"; };
		53F2DD882E298609003A9EE8 /* GoogleService-Info.plist */ = {isa = PBXFileReference; lastKnownFileType = text.plist.xml; path = "GoogleService-Info.plist"; sourceTree = "<group>"; };
		53F2DD9A2E29BE64003A9EE8 /* LoginViewModel.swift */ = {isa = PBXFileReference; lastKnownFileType = sourcecode.swift; path = LoginViewModel.swift; sourceTree = "<group>"; };
		53F2DD9C2E29BE80003A9EE8 /* RegistrationViewModel.swift */ = {isa = PBXFileReference; lastKnownFileType = sourcecode.swift; path = RegistrationViewModel.swift; sourceTree = "<group>"; };
		53F2DD9E2E29BE95003A9EE8 /* AuthService.swift */ = {isa = PBXFileReference; lastKnownFileType = sourcecode.swift; path = AuthService.swift; sourceTree = "<group>"; };
		53F2DDA02E29C92F003A9EE8 /* ContentViewModel.swift */ = {isa = PBXFileReference; lastKnownFileType = sourcecode.swift; path = ContentViewModel.swift; sourceTree = "<group>"; };
		53F2DDA22E29DCA3003A9EE8 /* UserService.swift */ = {isa = PBXFileReference; lastKnownFileType = sourcecode.swift; path = UserService.swift; sourceTree = "<group>"; };
		53F2DDA42E29E533003A9EE8 /* ProfileViewModel.swift */ = {isa = PBXFileReference; lastKnownFileType = sourcecode.swift; path = ProfileViewModel.swift; sourceTree = "<group>"; };
		53F2DDA62E29FF36003A9EE8 /* MessagesViewModel.swift */ = {isa = PBXFileReference; lastKnownFileType = sourcecode.swift; path = MessagesViewModel.swift; sourceTree = "<group>"; };
		53F2DDA82E2A1A90003A9EE8 /* Messages.swift */ = {isa = PBXFileReference; lastKnownFileType = sourcecode.swift; path = Messages.swift; sourceTree = "<group>"; };
		53F2DDAA2E2A1CD0003A9EE8 /* ChatService.swift */ = {isa = PBXFileReference; lastKnownFileType = sourcecode.swift; path = ChatService.swift; sourceTree = "<group>"; };
		53F2DDAC2E2A2CF1003A9EE8 /* ChatViewModel.swift */ = {isa = PBXFileReference; lastKnownFileType = sourcecode.swift; path = ChatViewModel.swift; sourceTree = "<group>"; };
		53F2DDAF2E2A3BE1003A9EE8 /* Constants.swift */ = {isa = PBXFileReference; lastKnownFileType = sourcecode.swift; path = Constants.swift; sourceTree = "<group>"; };
/* End PBXFileReference section */

/* Begin PBXFrameworksBuildPhase section */
		53A989AE2DD8001E00FADC05 /* Frameworks */ = {
			isa = PBXFrameworksBuildPhase;
			buildActionMask = 2147483647;
			files = (
				53BE40262E46DE7200190947 /* FirebaseMessaging in Frameworks */,
				53F2DD902E2987C9003A9EE8 /* FirebaseDatabase in Frameworks */,
				53F2DD982E2987C9003A9EE8 /* FirebaseStorageCombine-Community in Frameworks */,
				53F2DD922E2987C9003A9EE8 /* FirebaseFirestore in Frameworks */,
				53F2DD8C2E2987C9003A9EE8 /* FirebaseAuth in Frameworks */,
				5353BE882E2B527000C2FEAE /* Kingfisher in Frameworks */,
				53F2DD942E2987C9003A9EE8 /* FirebaseFirestoreCombine-Community in Frameworks */,
				53F2DD8E2E2987C9003A9EE8 /* FirebaseAuthCombine-Community in Frameworks */,
				53F2DD962E2987C9003A9EE8 /* FirebaseStorage in Frameworks */,
			);
			runOnlyForDeploymentPostprocessing = 0;
		};
		53A989C12DD8002200FADC05 /* Frameworks */ = {
			isa = PBXFrameworksBuildPhase;
			buildActionMask = 2147483647;
			files = (
			);
			runOnlyForDeploymentPostprocessing = 0;
		};
		53A989CB2DD8002200FADC05 /* Frameworks */ = {
			isa = PBXFrameworksBuildPhase;
			buildActionMask = 2147483647;
			files = (
			);
			runOnlyForDeploymentPostprocessing = 0;
		};
/* End PBXFrameworksBuildPhase section */

/* Begin PBXGroup section */
		5317BF3C2E25D47700DE0BD2 /* Components */ = {
			isa = PBXGroup;
			children = (
				5317BF452E25F70D00DE0BD2 /* TreeListingModifier.swift */,
				53E249B32E26498D00068C1B /* TextFieldModifier.swift */,
				53F2DD822E29711A003A9EE8 /* CircularProfileImageView.swift */,
				53BC4F422E4D6F9100ED7EEE /* chatButton.swift */,
			);
			path = Components;
			sourceTree = "<group>";
		};
		5317BF3D2E25D4B300DE0BD2 /* Messages */ = {
			isa = PBXGroup;
			children = (
				53A8628C2E271B6100280C2F /* MessagesView.swift */,
				53A8628E2E27220A00280C2F /* MessageRowView.swift */,
				53F2DD802E2970CA003A9EE8 /* ChatView.swift */,
				53F2DD842E297E0B003A9EE8 /* ChatCellView.swift */,
			);
			path = Messages;
			sourceTree = "<group>";
		};
		5317BF3E2E25D66D00DE0BD2 /* Views */ = {
			isa = PBXGroup;
			children = (
				53E249AE2E26422800068C1B /* Authentication */,
				5317BF3F2E25D75500DE0BD2 /* Post */,
				5393036F2E23AB5D000B88FB /* Tree */,
				5317BF3D2E25D4B300DE0BD2 /* Messages */,
				5393036D2E23AB41000B88FB /* Profile */,
				539303702E23AB66000B88FB /* TabBar */,
			);
			path = Views;
			sourceTree = "<group>";
		};
		5317BF3F2E25D75500DE0BD2 /* Post */ = {
			isa = PBXGroup;
			children = (
				532DAEBE2E39D08E0074C97F /* PostView.swift */,
				532DAEB22E39B0950074C97F /* DropDownPost.swift */,
				532DAEC02E39D2440074C97F /* PostDropDownMenuView.swift */,
				533B24992E31EB6300D773CB /* Stores */,
				533B24982E31EB5300D773CB /* Sublets */,
			);
			path = Post;
			sourceTree = "<group>";
		};
		533B24982E31EB5300D773CB /* Sublets */ = {
			isa = PBXGroup;
			children = (
				533B24942E30EA2A00D773CB /* SubletPostView.swift */,
				533B24962E31E65100D773CB /* SubletPhotoPostView.swift */,
			);
			path = Sublets;
			sourceTree = "<group>";
		};
		533B24992E31EB6300D773CB /* Stores */ = {
			isa = PBXGroup;
			children = (
				532DAEB02E39A94C0074C97F /* StorePostView.swift */,
				532DAEB42E39B8D50074C97F /* StorePhotoPostView.swift */,
				532DAEBA2E39CB8B0074C97F /* ClearData.swift */,
			);
			path = Stores;
			sourceTree = "<group>";
		};
		5353BE812E2B40A100C2FEAE /* Extensions */ = {
			isa = PBXGroup;
			children = (
				5353BE822E2B40B500C2FEAE /* Date.swift */,
			);
			path = Extensions;
			sourceTree = "<group>";
		};
		5393035A2E23AAED000B88FB /* TREE */ = {
			isa = PBXGroup;
			children = (
				539303672E23AAF7000B88FB /* App */,
				539303692E23AB16000B88FB /* Models */,
				5317BF3E2E25D66D00DE0BD2 /* Views */,
				53E249A72E26292200068C1B /* ViewModel */,
				5393036A2E23AB1D000B88FB /* Services */,
				5317BF3C2E25D47700DE0BD2 /* Components */,
				5393036B2E23AB25000B88FB /* Resources */,
				5353BE812E2B40A100C2FEAE /* Extensions */,
				53F2DDAE2E2A3BCC003A9EE8 /* Utils */,
				539303572E23AAED000B88FB /* TREE.entitlements */,
				539303582E23AAED000B88FB /* TREE.xcdatamodeld */,
				53F2DD882E298609003A9EE8 /* GoogleService-Info.plist */,
			);
			path = TREE;
			sourceTree = "<group>";
		};
		539303602E23AAEF000B88FB /* TREETests */ = {
			isa = PBXGroup;
			children = (
				5393035F2E23AAEF000B88FB /* TREETests.swift */,
			);
			path = TREETests;
			sourceTree = "<group>";
		};
		539303642E23AAF1000B88FB /* TREEUITests */ = {
			isa = PBXGroup;
			children = (
				539303622E23AAF1000B88FB /* TREEUITests.swift */,
				539303632E23AAF1000B88FB /* TREEUITestsLaunchTests.swift */,
			);
			path = TREEUITests;
			sourceTree = "<group>";
		};
		539303672E23AAF7000B88FB /* App */ = {
			isa = PBXGroup;
			children = (
				539303592E23AAED000B88FB /* TREEApp.swift */,
				539303732E23AC94000B88FB /* ContentView.swift */,
				53E249AC2E26332E00068C1B /* LogoScreen.swift */,
			);
			path = App;
			sourceTree = "<group>";
		};
		539303692E23AB16000B88FB /* Models */ = {
			isa = PBXGroup;
			children = (
				53E249A32E26203C00068C1B /* Trees.swift */,
				53A8628A2E2714C700280C2F /* Users.swift */,
				53F2DDA82E2A1A90003A9EE8 /* Messages.swift */,
			);
			path = Models;
			sourceTree = "<group>";
		};
		5393036A2E23AB1D000B88FB /* Services */ = {
			isa = PBXGroup;
			children = (
				53F2DD9E2E29BE95003A9EE8 /* AuthService.swift */,
				53F2DDA22E29DCA3003A9EE8 /* UserService.swift */,
				53F2DDAA2E2A1CD0003A9EE8 /* ChatService.swift */,
				5353BE7F2E2AEB7600C2FEAE /* MessagesService.swift */,
				5353BE842E2B4E8B00C2FEAE /* ImageUploader.swift */,
				53E249AA2E2629AC00068C1B /* SubletsService.swift */,
				532DAEB62E39C4020074C97F /* StoresService.swift */,
			);
			path = Services;
			sourceTree = "<group>";
		};
		5393036B2E23AB25000B88FB /* Resources */ = {
			isa = PBXGroup;
			children = (
				5317BF352E24E0FB00DE0BD2 /* Assets.xcassets */,
				53E249A52E26262A00068C1B /* DeveloperPreview.swift */,
			);
			path = Resources;
			sourceTree = "<group>";
		};
		5393036D2E23AB41000B88FB /* Profile */ = {
			isa = PBXGroup;
			children = (
				53F2DD7C2E28B786003A9EE8 /* CautionView.swift */,
				536BA19A2E275775005B25F1 /* ProfileView.swift */,
				53BC4F402E4D58A900ED7EEE /* ProfileElementView.swift */,
				53A862902E27431100280C2F /* ProfileSettingView.swift */,
			);
			path = Profile;
			sourceTree = "<group>";
		};
		5393036E2E23AB52000B88FB /* Sublets */ = {
			isa = PBXGroup;
			children = (
				5317BF3A2E24EA8600DE0BD2 /* SubletListingView.swift */,
				5317BF432E25F4A500DE0BD2 /* SubletListingDetailView.swift */,
			);
			path = Sublets;
			sourceTree = "<group>";
		};
		5393036F2E23AB5D000B88FB /* Tree */ = {
			isa = PBXGroup;
			children = (
				5317BF312E24E00900DE0BD2 /* TreeView.swift */,
				532DAEBC2E39CF420074C97F /* DropDownMenuTreeView.swift */,
				5317BF412E25D93300DE0BD2 /* SearchAndFilterBar.swift */,
				53F2DD712E281DDA003A9EE8 /* Store */,
				5393036E2E23AB52000B88FB /* Sublets */,
			);
			path = Tree;
			sourceTree = "<group>";
		};
		539303702E23AB66000B88FB /* TabBar */ = {
			isa = PBXGroup;
			children = (
				539303712E23ABB1000B88FB /* MainTabView.swift */,
			);
			path = TabBar;
			sourceTree = "<group>";
		};
		53A989A82DD8001E00FADC05 = {
			isa = PBXGroup;
			children = (
				5393035A2E23AAED000B88FB /* TREE */,
				539303602E23AAEF000B88FB /* TREETests */,
				539303642E23AAF1000B88FB /* TREEUITests */,
				53BE40242E46DE7200190947 /* Frameworks */,
				53A989B22DD8001E00FADC05 /* Products */,
			);
			sourceTree = "<group>";
		};
		53A989B22DD8001E00FADC05 /* Products */ = {
			isa = PBXGroup;
			children = (
				53A989B12DD8001E00FADC05 /* TREE.app */,
				53A989C42DD8002200FADC05 /* TREETests.xctest */,
				53A989CE2DD8002200FADC05 /* TREEUITests.xctest */,
			);
			name = Products;
			sourceTree = "<group>";
		};
		53BE40242E46DE7200190947 /* Frameworks */ = {
			isa = PBXGroup;
			children = (
			);
			name = Frameworks;
			sourceTree = "<group>";
		};
		53E249A72E26292200068C1B /* ViewModel */ = {
			isa = PBXGroup;
			children = (
				53F2DD9A2E29BE64003A9EE8 /* LoginViewModel.swift */,
				53F2DD9C2E29BE80003A9EE8 /* RegistrationViewModel.swift */,
				53F2DDA02E29C92F003A9EE8 /* ContentViewModel.swift */,
				53F2DDA42E29E533003A9EE8 /* ProfileViewModel.swift */,
				53F2DDA62E29FF36003A9EE8 /* MessagesViewModel.swift */,
				53F2DDAC2E2A2CF1003A9EE8 /* ChatViewModel.swift */,
				5353BE892E2B794600C2FEAE /* SubletsViewModel.swift */,
				532DAEB82E39C4100074C97F /* StoresViewModel.swift */,
				53BC4F442E4D833100ED7EEE /* ViewModelManager.swift */,
			);
			path = ViewModel;
			sourceTree = "<group>";
		};
		53E249AE2E26422800068C1B /* Authentication */ = {
			isa = PBXGroup;
			children = (
				53E249AF2E26423700068C1B /* LoginView.swift */,
				53E249B12E26490000068C1B /* RegistrationView.swift */,
			);
			path = Authentication;
			sourceTree = "<group>";
		};
		53F2DD712E281DDA003A9EE8 /* Store */ = {
			isa = PBXGroup;
			children = (
				53F2DD7A2E287A3E003A9EE8 /* StoreListingView.swift */,
				53F2DD7E2E28D3DC003A9EE8 /* StoreListingDetailView.swift */,
			);
			path = Store;
			sourceTree = "<group>";
		};
		53F2DDAE2E2A3BCC003A9EE8 /* Utils */ = {
			isa = PBXGroup;
			children = (
				53F2DDAF2E2A3BE1003A9EE8 /* Constants.swift */,
			);
			path = Utils;
			sourceTree = "<group>";
		};
/* End PBXGroup section */

/* Begin PBXNativeTarget section */
		53A989B02DD8001E00FADC05 /* TREE */ = {
			isa = PBXNativeTarget;
			buildConfigurationList = 53A989D82DD8002200FADC05 /* Build configuration list for PBXNativeTarget "TREE" */;
			buildPhases = (
				53A989AD2DD8001E00FADC05 /* Sources */,
				53A989AE2DD8001E00FADC05 /* Frameworks */,
				53A989AF2DD8001E00FADC05 /* Resources */,
			);
			buildRules = (
			);
			dependencies = (
			);
			name = TREE;
			packageProductDependencies = (
				53F2DD8B2E2987C9003A9EE8 /* FirebaseAuth */,
				53F2DD8D2E2987C9003A9EE8 /* FirebaseAuthCombine-Community */,
				53F2DD8F2E2987C9003A9EE8 /* FirebaseDatabase */,
				53F2DD912E2987C9003A9EE8 /* FirebaseFirestore */,
				53F2DD932E2987C9003A9EE8 /* FirebaseFirestoreCombine-Community */,
				53F2DD952E2987C9003A9EE8 /* FirebaseStorage */,
				53F2DD972E2987C9003A9EE8 /* FirebaseStorageCombine-Community */,
				5353BE872E2B527000C2FEAE /* Kingfisher */,
				53BE40252E46DE7200190947 /* FirebaseMessaging */,
			);
			productName = TREE;
			productReference = 53A989B12DD8001E00FADC05 /* TREE.app */;
			productType = "com.apple.product-type.application";
		};
		53A989C32DD8002200FADC05 /* TREETests */ = {
			isa = PBXNativeTarget;
			buildConfigurationList = 53A989DB2DD8002200FADC05 /* Build configuration list for PBXNativeTarget "TREETests" */;
			buildPhases = (
				53A989C02DD8002200FADC05 /* Sources */,
				53A989C12DD8002200FADC05 /* Frameworks */,
				53A989C22DD8002200FADC05 /* Resources */,
			);
			buildRules = (
			);
			dependencies = (
				53A989C62DD8002200FADC05 /* PBXTargetDependency */,
			);
			name = TREETests;
			packageProductDependencies = (
			);
			productName = TREETests;
			productReference = 53A989C42DD8002200FADC05 /* TREETests.xctest */;
			productType = "com.apple.product-type.bundle.unit-test";
		};
		53A989CD2DD8002200FADC05 /* TREEUITests */ = {
			isa = PBXNativeTarget;
			buildConfigurationList = 53A989DE2DD8002200FADC05 /* Build configuration list for PBXNativeTarget "TREEUITests" */;
			buildPhases = (
				53A989CA2DD8002200FADC05 /* Sources */,
				53A989CB2DD8002200FADC05 /* Frameworks */,
				53A989CC2DD8002200FADC05 /* Resources */,
			);
			buildRules = (
			);
			dependencies = (
				53A989D02DD8002200FADC05 /* PBXTargetDependency */,
			);
			name = TREEUITests;
			packageProductDependencies = (
			);
			productName = TREEUITests;
			productReference = 53A989CE2DD8002200FADC05 /* TREEUITests.xctest */;
			productType = "com.apple.product-type.bundle.ui-testing";
		};
/* End PBXNativeTarget section */

/* Begin PBXProject section */
		53A989A92DD8001E00FADC05 /* Project object */ = {
			isa = PBXProject;
			attributes = {
				BuildIndependentTargetsInParallel = 1;
				LastSwiftUpdateCheck = 1630;
				LastUpgradeCheck = 1640;
				TargetAttributes = {
					53A989B02DD8001E00FADC05 = {
						CreatedOnToolsVersion = 16.3;
					};
					53A989C32DD8002200FADC05 = {
						CreatedOnToolsVersion = 16.3;
						TestTargetID = 53A989B02DD8001E00FADC05;
					};
					53A989CD2DD8002200FADC05 = {
						CreatedOnToolsVersion = 16.3;
						TestTargetID = 53A989B02DD8001E00FADC05;
					};
				};
			};
			buildConfigurationList = 53A989AC2DD8001E00FADC05 /* Build configuration list for PBXProject "TREE" */;
			developmentRegion = en;
			hasScannedForEncodings = 0;
			knownRegions = (
				en,
				Base,
			);
			mainGroup = 53A989A82DD8001E00FADC05;
			minimizedProjectReferenceProxies = 1;
			packageReferences = (
				53F2DD8A2E2987C9003A9EE8 /* XCRemoteSwiftPackageReference "firebase-ios-sdk" */,
				5353BE862E2B527000C2FEAE /* XCRemoteSwiftPackageReference "Kingfisher" */,
			);
			preferredProjectObjectVersion = 77;
			productRefGroup = 53A989B22DD8001E00FADC05 /* Products */;
			projectDirPath = "";
			projectRoot = "";
			targets = (
				53A989B02DD8001E00FADC05 /* TREE */,
				53A989C32DD8002200FADC05 /* TREETests */,
				53A989CD2DD8002200FADC05 /* TREEUITests */,
			);
		};
/* End PBXProject section */

/* Begin PBXResourcesBuildPhase section */
		53A989AF2DD8001E00FADC05 /* Resources */ = {
			isa = PBXResourcesBuildPhase;
			buildActionMask = 2147483647;
			files = (
				5317BF362E24E0FB00DE0BD2 /* Assets.xcassets in Resources */,
				53F2DD992E298E74003A9EE8 /* GoogleService-Info.plist in Resources */,
			);
			runOnlyForDeploymentPostprocessing = 0;
		};
		53A989C22DD8002200FADC05 /* Resources */ = {
			isa = PBXResourcesBuildPhase;
			buildActionMask = 2147483647;
			files = (
			);
			runOnlyForDeploymentPostprocessing = 0;
		};
		53A989CC2DD8002200FADC05 /* Resources */ = {
			isa = PBXResourcesBuildPhase;
			buildActionMask = 2147483647;
			files = (
			);
			runOnlyForDeploymentPostprocessing = 0;
		};
/* End PBXResourcesBuildPhase section */

/* Begin PBXSourcesBuildPhase section */
		53A989AD2DD8001E00FADC05 /* Sources */ = {
			isa = PBXSourcesBuildPhase;
			buildActionMask = 2147483647;
			files = (
				5317BF322E24E00900DE0BD2 /* TreeView.swift in Sources */,
				5353BE852E2B4E8B00C2FEAE /* ImageUploader.swift in Sources */,
				53F2DD9D2E29BE80003A9EE8 /* RegistrationViewModel.swift in Sources */,
				5393035D2E23AAED000B88FB /* TREE.xcdatamodeld in Sources */,
				53F2DD7F2E28D3DC003A9EE8 /* StoreListingDetailView.swift in Sources */,
				53F2DD7D2E28B786003A9EE8 /* CautionView.swift in Sources */,
				53F2DD812E2970CA003A9EE8 /* ChatView.swift in Sources */,
				53F2DDA32E29DCA3003A9EE8 /* UserService.swift in Sources */,
				5393035E2E23AAED000B88FB /* TREEApp.swift in Sources */,
				53E249AD2E26332E00068C1B /* LogoScreen.swift in Sources */,
				533B24952E30EA2A00D773CB /* SubletPostView.swift in Sources */,
				53F2DD852E297E0B003A9EE8 /* ChatCellView.swift in Sources */,
				53F2DD9B2E29BE64003A9EE8 /* LoginViewModel.swift in Sources */,
				53F2DDAB2E2A1CD0003A9EE8 /* ChatService.swift in Sources */,
				532DAEBD2E39CF420074C97F /* DropDownMenuTreeView.swift in Sources */,
				53F2DDAD2E2A2CF1003A9EE8 /* ChatViewModel.swift in Sources */,
				53BC4F452E4D833100ED7EEE /* ViewModelManager.swift in Sources */,
				53A8628B2E2714C700280C2F /* Users.swift in Sources */,
				53BC4F412E4D58A900ED7EEE /* ProfileElementView.swift in Sources */,
				53F2DDB02E2A3BE1003A9EE8 /* Constants.swift in Sources */,
				532DAEB52E39B8D50074C97F /* StorePhotoPostView.swift in Sources */,
				533B24972E31E65100D773CB /* SubletPhotoPostView.swift in Sources */,
				53E249B22E26490000068C1B /* RegistrationView.swift in Sources */,
				532DAEB32E39B0950074C97F /* DropDownPost.swift in Sources */,
				53E249B42E26498D00068C1B /* TextFieldModifier.swift in Sources */,
				5317BF422E25D93300DE0BD2 /* SearchAndFilterBar.swift in Sources */,
				53F2DDA92E2A1A90003A9EE8 /* Messages.swift in Sources */,
				53F2DD9F2E29BE95003A9EE8 /* AuthService.swift in Sources */,
				53E249A62E26262A00068C1B /* DeveloperPreview.swift in Sources */,
				53BC4F432E4D6F9100ED7EEE /* chatButton.swift in Sources */,
				53F2DDA72E29FF36003A9EE8 /* MessagesViewModel.swift in Sources */,
				532DAEC12E39D2440074C97F /* PostDropDownMenuView.swift in Sources */,
				5317BF462E25F70D00DE0BD2 /* TreeListingModifier.swift in Sources */,
				53F2DD7B2E287A3E003A9EE8 /* StoreListingView.swift in Sources */,
				532DAEBB2E39CB8B0074C97F /* ClearData.swift in Sources */,
				53A8628D2E271B6100280C2F /* MessagesView.swift in Sources */,
				539303742E23AC94000B88FB /* ContentView.swift in Sources */,
				5317BF3B2E24EA8600DE0BD2 /* SubletListingView.swift in Sources */,
				532DAEB92E39C4100074C97F /* StoresViewModel.swift in Sources */,
				532DAEB12E39A94C0074C97F /* StorePostView.swift in Sources */,
				53E249A42E26203C00068C1B /* Trees.swift in Sources */,
				5353BE8A2E2B794600C2FEAE /* SubletsViewModel.swift in Sources */,
				539303722E23ABB1000B88FB /* MainTabView.swift in Sources */,
				53F2DD832E29711A003A9EE8 /* CircularProfileImageView.swift in Sources */,
				5353BE802E2AEB7600C2FEAE /* MessagesService.swift in Sources */,
				536BA19B2E275775005B25F1 /* ProfileView.swift in Sources */,
				53E249AB2E2629AC00068C1B /* SubletsService.swift in Sources */,
				53E249B02E26423700068C1B /* LoginView.swift in Sources */,
				53F2DDA12E29C92F003A9EE8 /* ContentViewModel.swift in Sources */,
				5353BE832E2B40B500C2FEAE /* Date.swift in Sources */,
				53A8628F2E27220A00280C2F /* MessageRowView.swift in Sources */,
				53A862912E27431100280C2F /* ProfileSettingView.swift in Sources */,
				5317BF442E25F4A500DE0BD2 /* SubletListingDetailView.swift in Sources */,
				532DAEB72E39C4020074C97F /* StoresService.swift in Sources */,
				532DAEBF2E39D08E0074C97F /* PostView.swift in Sources */,
				53F2DDA52E29E533003A9EE8 /* ProfileViewModel.swift in Sources */,
			);
			runOnlyForDeploymentPostprocessing = 0;
		};
		53A989C02DD8002200FADC05 /* Sources */ = {
			isa = PBXSourcesBuildPhase;
			buildActionMask = 2147483647;
			files = (
				539303612E23AAEF000B88FB /* TREETests.swift in Sources */,
			);
			runOnlyForDeploymentPostprocessing = 0;
		};
		53A989CA2DD8002200FADC05 /* Sources */ = {
			isa = PBXSourcesBuildPhase;
			buildActionMask = 2147483647;
			files = (
				539303652E23AAF1000B88FB /* TREEUITests.swift in Sources */,
				539303662E23AAF1000B88FB /* TREEUITestsLaunchTests.swift in Sources */,
			);
			runOnlyForDeploymentPostprocessing = 0;
		};
/* End PBXSourcesBuildPhase section */

/* Begin PBXTargetDependency section */
		53A989C62DD8002200FADC05 /* PBXTargetDependency */ = {
			isa = PBXTargetDependency;
			target = 53A989B02DD8001E00FADC05 /* TREE */;
			targetProxy = 53A989C52DD8002200FADC05 /* PBXContainerItemProxy */;
		};
		53A989D02DD8002200FADC05 /* PBXTargetDependency */ = {
			isa = PBXTargetDependency;
			target = 53A989B02DD8001E00FADC05 /* TREE */;
			targetProxy = 53A989CF2DD8002200FADC05 /* PBXContainerItemProxy */;
		};
/* End PBXTargetDependency section */

/* Begin XCBuildConfiguration section */
		53A989D62DD8002200FADC05 /* Debug */ = {
			isa = XCBuildConfiguration;
			buildSettings = {
				ALWAYS_SEARCH_USER_PATHS = NO;
				ASSETCATALOG_COMPILER_GENERATE_SWIFT_ASSET_SYMBOL_EXTENSIONS = YES;
				CLANG_ANALYZER_NONNULL = YES;
				CLANG_ANALYZER_NUMBER_OBJECT_CONVERSION = YES_AGGRESSIVE;
				CLANG_CXX_LANGUAGE_STANDARD = "gnu++20";
				CLANG_ENABLE_MODULES = YES;
				CLANG_ENABLE_OBJC_ARC = YES;
				CLANG_ENABLE_OBJC_WEAK = YES;
				CLANG_WARN_BLOCK_CAPTURE_AUTORELEASING = YES;
				CLANG_WARN_BOOL_CONVERSION = YES;
				CLANG_WARN_COMMA = YES;
				CLANG_WARN_CONSTANT_CONVERSION = YES;
				CLANG_WARN_DEPRECATED_OBJC_IMPLEMENTATIONS = YES;
				CLANG_WARN_DIRECT_OBJC_ISA_USAGE = YES_ERROR;
				CLANG_WARN_DOCUMENTATION_COMMENTS = YES;
				CLANG_WARN_EMPTY_BODY = YES;
				CLANG_WARN_ENUM_CONVERSION = YES;
				CLANG_WARN_INFINITE_RECURSION = YES;
				CLANG_WARN_INT_CONVERSION = YES;
				CLANG_WARN_NON_LITERAL_NULL_CONVERSION = YES;
				CLANG_WARN_OBJC_IMPLICIT_RETAIN_SELF = YES;
				CLANG_WARN_OBJC_LITERAL_CONVERSION = YES;
				CLANG_WARN_OBJC_ROOT_CLASS = YES_ERROR;
				CLANG_WARN_QUOTED_INCLUDE_IN_FRAMEWORK_HEADER = YES;
				CLANG_WARN_RANGE_LOOP_ANALYSIS = YES;
				CLANG_WARN_STRICT_PROTOTYPES = YES;
				CLANG_WARN_SUSPICIOUS_MOVE = YES;
				CLANG_WARN_UNGUARDED_AVAILABILITY = YES_AGGRESSIVE;
				CLANG_WARN_UNREACHABLE_CODE = YES;
				CLANG_WARN__DUPLICATE_METHOD_MATCH = YES;
				COPY_PHASE_STRIP = NO;
				DEAD_CODE_STRIPPING = YES;
				DEBUG_INFORMATION_FORMAT = dwarf;
				DEVELOPMENT_TEAM = 6466Z7F327;
				ENABLE_STRICT_OBJC_MSGSEND = YES;
				ENABLE_TESTABILITY = YES;
				ENABLE_USER_SCRIPT_SANDBOXING = YES;
				GCC_C_LANGUAGE_STANDARD = gnu17;
				GCC_DYNAMIC_NO_PIC = NO;
				GCC_NO_COMMON_BLOCKS = YES;
				GCC_OPTIMIZATION_LEVEL = 0;
				GCC_PREPROCESSOR_DEFINITIONS = (
					"DEBUG=1",
					"$(inherited)",
				);
				GCC_WARN_64_TO_32_BIT_CONVERSION = YES;
				GCC_WARN_ABOUT_RETURN_TYPE = YES_ERROR;
				GCC_WARN_UNDECLARED_SELECTOR = YES;
				GCC_WARN_UNINITIALIZED_AUTOS = YES_AGGRESSIVE;
				GCC_WARN_UNUSED_FUNCTION = YES;
				GCC_WARN_UNUSED_VARIABLE = YES;
				LOCALIZATION_PREFERS_STRING_CATALOGS = YES;
				MTL_ENABLE_DEBUG_INFO = INCLUDE_SOURCE;
				MTL_FAST_MATH = YES;
				ONLY_ACTIVE_ARCH = YES;
				SWIFT_ACTIVE_COMPILATION_CONDITIONS = "DEBUG $(inherited)";
				SWIFT_OPTIMIZATION_LEVEL = "-Onone";
			};
			name = Debug;
		};
		53A989D72DD8002200FADC05 /* Release */ = {
			isa = XCBuildConfiguration;
			buildSettings = {
				ALWAYS_SEARCH_USER_PATHS = NO;
				ASSETCATALOG_COMPILER_GENERATE_SWIFT_ASSET_SYMBOL_EXTENSIONS = YES;
				CLANG_ANALYZER_NONNULL = YES;
				CLANG_ANALYZER_NUMBER_OBJECT_CONVERSION = YES_AGGRESSIVE;
				CLANG_CXX_LANGUAGE_STANDARD = "gnu++20";
				CLANG_ENABLE_MODULES = YES;
				CLANG_ENABLE_OBJC_ARC = YES;
				CLANG_ENABLE_OBJC_WEAK = YES;
				CLANG_WARN_BLOCK_CAPTURE_AUTORELEASING = YES;
				CLANG_WARN_BOOL_CONVERSION = YES;
				CLANG_WARN_COMMA = YES;
				CLANG_WARN_CONSTANT_CONVERSION = YES;
				CLANG_WARN_DEPRECATED_OBJC_IMPLEMENTATIONS = YES;
				CLANG_WARN_DIRECT_OBJC_ISA_USAGE = YES_ERROR;
				CLANG_WARN_DOCUMENTATION_COMMENTS = YES;
				CLANG_WARN_EMPTY_BODY = YES;
				CLANG_WARN_ENUM_CONVERSION = YES;
				CLANG_WARN_INFINITE_RECURSION = YES;
				CLANG_WARN_INT_CONVERSION = YES;
				CLANG_WARN_NON_LITERAL_NULL_CONVERSION = YES;
				CLANG_WARN_OBJC_IMPLICIT_RETAIN_SELF = YES;
				CLANG_WARN_OBJC_LITERAL_CONVERSION = YES;
				CLANG_WARN_OBJC_ROOT_CLASS = YES_ERROR;
				CLANG_WARN_QUOTED_INCLUDE_IN_FRAMEWORK_HEADER = YES;
				CLANG_WARN_RANGE_LOOP_ANALYSIS = YES;
				CLANG_WARN_STRICT_PROTOTYPES = YES;
				CLANG_WARN_SUSPICIOUS_MOVE = YES;
				CLANG_WARN_UNGUARDED_AVAILABILITY = YES_AGGRESSIVE;
				CLANG_WARN_UNREACHABLE_CODE = YES;
				CLANG_WARN__DUPLICATE_METHOD_MATCH = YES;
				COPY_PHASE_STRIP = NO;
				DEAD_CODE_STRIPPING = YES;
				DEBUG_INFORMATION_FORMAT = "dwarf-with-dsym";
				DEVELOPMENT_TEAM = 6466Z7F327;
				ENABLE_NS_ASSERTIONS = NO;
				ENABLE_STRICT_OBJC_MSGSEND = YES;
				ENABLE_USER_SCRIPT_SANDBOXING = YES;
				GCC_C_LANGUAGE_STANDARD = gnu17;
				GCC_NO_COMMON_BLOCKS = YES;
				GCC_WARN_64_TO_32_BIT_CONVERSION = YES;
				GCC_WARN_ABOUT_RETURN_TYPE = YES_ERROR;
				GCC_WARN_UNDECLARED_SELECTOR = YES;
				GCC_WARN_UNINITIALIZED_AUTOS = YES_AGGRESSIVE;
				GCC_WARN_UNUSED_FUNCTION = YES;
				GCC_WARN_UNUSED_VARIABLE = YES;
				LOCALIZATION_PREFERS_STRING_CATALOGS = YES;
				MTL_ENABLE_DEBUG_INFO = NO;
				MTL_FAST_MATH = YES;
				SWIFT_COMPILATION_MODE = wholemodule;
			};
			name = Release;
		};
		53A989D92DD8002200FADC05 /* Debug */ = {
			isa = XCBuildConfiguration;
			buildSettings = {
				ASSETCATALOG_COMPILER_APPICON_NAME = AppIcon;
				ASSETCATALOG_COMPILER_GLOBAL_ACCENT_COLOR_NAME = AccentColor;
				CODE_SIGN_ENTITLEMENTS = TREE/TREE.entitlements;
				CODE_SIGN_STYLE = Automatic;
				CURRENT_PROJECT_VERSION = 1;
				DEAD_CODE_STRIPPING = YES;
				DEVELOPMENT_TEAM = 6466Z7F327;
				ENABLE_HARDENED_RUNTIME = YES;
				ENABLE_PREVIEWS = YES;
				GENERATE_INFOPLIST_FILE = YES;
				"INFOPLIST_KEY_UIApplicationSceneManifest_Generation[sdk=iphoneos*]" = YES;
				"INFOPLIST_KEY_UIApplicationSceneManifest_Generation[sdk=iphonesimulator*]" = YES;
				"INFOPLIST_KEY_UIApplicationSupportsIndirectInputEvents[sdk=iphoneos*]" = YES;
				"INFOPLIST_KEY_UIApplicationSupportsIndirectInputEvents[sdk=iphonesimulator*]" = YES;
				"INFOPLIST_KEY_UILaunchScreen_Generation[sdk=iphoneos*]" = YES;
				"INFOPLIST_KEY_UILaunchScreen_Generation[sdk=iphonesimulator*]" = YES;
				"INFOPLIST_KEY_UIStatusBarStyle[sdk=iphoneos*]" = UIStatusBarStyleDefault;
				"INFOPLIST_KEY_UIStatusBarStyle[sdk=iphonesimulator*]" = UIStatusBarStyleDefault;
				INFOPLIST_KEY_UISupportedInterfaceOrientations_iPad = "UIInterfaceOrientationPortrait UIInterfaceOrientationPortraitUpsideDown UIInterfaceOrientationLandscapeLeft UIInterfaceOrientationLandscapeRight";
				INFOPLIST_KEY_UISupportedInterfaceOrientations_iPhone = "UIInterfaceOrientationPortrait UIInterfaceOrientationLandscapeLeft UIInterfaceOrientationLandscapeRight";
				IPHONEOS_DEPLOYMENT_TARGET = 18.4;
				LD_RUNPATH_SEARCH_PATHS = "@executable_path/Frameworks";
				"LD_RUNPATH_SEARCH_PATHS[sdk=macosx*]" = "@executable_path/../Frameworks";
				MACOSX_DEPLOYMENT_TARGET = 15.4;
				MARKETING_VERSION = 1.0;
				PRODUCT_BUNDLE_IDENTIFIER = com.Jasonpeter.TREE;
				PRODUCT_NAME = "$(TARGET_NAME)";
				REGISTER_APP_GROUPS = YES;
				SDKROOT = auto;
				SUPPORTED_PLATFORMS = "iphoneos iphonesimulator macosx xros xrsimulator";
				SWIFT_EMIT_LOC_STRINGS = YES;
				SWIFT_VERSION = 5.0;
				TARGETED_DEVICE_FAMILY = "1,2,7";
				XROS_DEPLOYMENT_TARGET = 2.4;
			};
			name = Debug;
		};
		53A989DA2DD8002200FADC05 /* Release */ = {
			isa = XCBuildConfiguration;
			buildSettings = {
				ASSETCATALOG_COMPILER_APPICON_NAME = AppIcon;
				ASSETCATALOG_COMPILER_GLOBAL_ACCENT_COLOR_NAME = AccentColor;
				CODE_SIGN_ENTITLEMENTS = TREE/TREE.entitlements;
				CODE_SIGN_STYLE = Automatic;
				CURRENT_PROJECT_VERSION = 1;
				DEAD_CODE_STRIPPING = YES;
				DEVELOPMENT_TEAM = 6466Z7F327;
				ENABLE_HARDENED_RUNTIME = YES;
				ENABLE_PREVIEWS = YES;
				GENERATE_INFOPLIST_FILE = YES;
				"INFOPLIST_KEY_UIApplicationSceneManifest_Generation[sdk=iphoneos*]" = YES;
				"INFOPLIST_KEY_UIApplicationSceneManifest_Generation[sdk=iphonesimulator*]" = YES;
				"INFOPLIST_KEY_UIApplicationSupportsIndirectInputEvents[sdk=iphoneos*]" = YES;
				"INFOPLIST_KEY_UIApplicationSupportsIndirectInputEvents[sdk=iphonesimulator*]" = YES;
				"INFOPLIST_KEY_UILaunchScreen_Generation[sdk=iphoneos*]" = YES;
				"INFOPLIST_KEY_UILaunchScreen_Generation[sdk=iphonesimulator*]" = YES;
				"INFOPLIST_KEY_UIStatusBarStyle[sdk=iphoneos*]" = UIStatusBarStyleDefault;
				"INFOPLIST_KEY_UIStatusBarStyle[sdk=iphonesimulator*]" = UIStatusBarStyleDefault;
				INFOPLIST_KEY_UISupportedInterfaceOrientations_iPad = "UIInterfaceOrientationPortrait UIInterfaceOrientationPortraitUpsideDown UIInterfaceOrientationLandscapeLeft UIInterfaceOrientationLandscapeRight";
				INFOPLIST_KEY_UISupportedInterfaceOrientations_iPhone = "UIInterfaceOrientationPortrait UIInterfaceOrientationLandscapeLeft UIInterfaceOrientationLandscapeRight";
				IPHONEOS_DEPLOYMENT_TARGET = 18.4;
				LD_RUNPATH_SEARCH_PATHS = "@executable_path/Frameworks";
				"LD_RUNPATH_SEARCH_PATHS[sdk=macosx*]" = "@executable_path/../Frameworks";
				MACOSX_DEPLOYMENT_TARGET = 15.4;
				MARKETING_VERSION = 1.0;
				PRODUCT_BUNDLE_IDENTIFIER = com.Jasonpeter.TREE;
				PRODUCT_NAME = "$(TARGET_NAME)";
				REGISTER_APP_GROUPS = YES;
				SDKROOT = auto;
				SUPPORTED_PLATFORMS = "iphoneos iphonesimulator macosx xros xrsimulator";
				SWIFT_EMIT_LOC_STRINGS = YES;
				SWIFT_VERSION = 5.0;
				TARGETED_DEVICE_FAMILY = "1,2,7";
				XROS_DEPLOYMENT_TARGET = 2.4;
			};
			name = Release;
		};
		53A989DC2DD8002200FADC05 /* Debug */ = {
			isa = XCBuildConfiguration;
			buildSettings = {
				BUNDLE_LOADER = "$(TEST_HOST)";
				CODE_SIGN_STYLE = Automatic;
				CURRENT_PROJECT_VERSION = 1;
				DEAD_CODE_STRIPPING = YES;
				DEVELOPMENT_TEAM = 6466Z7F327;
				GENERATE_INFOPLIST_FILE = YES;
				IPHONEOS_DEPLOYMENT_TARGET = 18.4;
				MACOSX_DEPLOYMENT_TARGET = 15.4;
				MARKETING_VERSION = 1.0;
				PRODUCT_BUNDLE_IDENTIFIER = com.Jasonpeter.TREETests;
				PRODUCT_NAME = "$(TARGET_NAME)";
				SDKROOT = auto;
				SUPPORTED_PLATFORMS = "iphoneos iphonesimulator macosx xros xrsimulator";
				SWIFT_EMIT_LOC_STRINGS = NO;
				SWIFT_VERSION = 5.0;
				TARGETED_DEVICE_FAMILY = "1,2,7";
				TEST_HOST = "$(BUILT_PRODUCTS_DIR)/TREE.app/$(BUNDLE_EXECUTABLE_FOLDER_PATH)/TREE";
				XROS_DEPLOYMENT_TARGET = 2.4;
			};
			name = Debug;
		};
		53A989DD2DD8002200FADC05 /* Release */ = {
			isa = XCBuildConfiguration;
			buildSettings = {
				BUNDLE_LOADER = "$(TEST_HOST)";
				CODE_SIGN_STYLE = Automatic;
				CURRENT_PROJECT_VERSION = 1;
				DEAD_CODE_STRIPPING = YES;
				DEVELOPMENT_TEAM = 6466Z7F327;
				GENERATE_INFOPLIST_FILE = YES;
				IPHONEOS_DEPLOYMENT_TARGET = 18.4;
				MACOSX_DEPLOYMENT_TARGET = 15.4;
				MARKETING_VERSION = 1.0;
				PRODUCT_BUNDLE_IDENTIFIER = com.Jasonpeter.TREETests;
				PRODUCT_NAME = "$(TARGET_NAME)";
				SDKROOT = auto;
				SUPPORTED_PLATFORMS = "iphoneos iphonesimulator macosx xros xrsimulator";
				SWIFT_EMIT_LOC_STRINGS = NO;
				SWIFT_VERSION = 5.0;
				TARGETED_DEVICE_FAMILY = "1,2,7";
				TEST_HOST = "$(BUILT_PRODUCTS_DIR)/TREE.app/$(BUNDLE_EXECUTABLE_FOLDER_PATH)/TREE";
				XROS_DEPLOYMENT_TARGET = 2.4;
			};
			name = Release;
		};
		53A989DF2DD8002200FADC05 /* Debug */ = {
			isa = XCBuildConfiguration;
			buildSettings = {
				CODE_SIGN_STYLE = Automatic;
				CURRENT_PROJECT_VERSION = 1;
				DEAD_CODE_STRIPPING = YES;
				DEVELOPMENT_TEAM = 6466Z7F327;
				GENERATE_INFOPLIST_FILE = YES;
				IPHONEOS_DEPLOYMENT_TARGET = 18.4;
				MACOSX_DEPLOYMENT_TARGET = 15.4;
				MARKETING_VERSION = 1.0;
				PRODUCT_BUNDLE_IDENTIFIER = com.Jasonpeter.TREEUITests;
				PRODUCT_NAME = "$(TARGET_NAME)";
				SDKROOT = auto;
				SUPPORTED_PLATFORMS = "iphoneos iphonesimulator macosx xros xrsimulator";
				SWIFT_EMIT_LOC_STRINGS = NO;
				SWIFT_VERSION = 5.0;
				TARGETED_DEVICE_FAMILY = "1,2,7";
				TEST_TARGET_NAME = TREE;
				XROS_DEPLOYMENT_TARGET = 2.4;
			};
			name = Debug;
		};
		53A989E02DD8002200FADC05 /* Release */ = {
			isa = XCBuildConfiguration;
			buildSettings = {
				CODE_SIGN_STYLE = Automatic;
				CURRENT_PROJECT_VERSION = 1;
				DEAD_CODE_STRIPPING = YES;
				DEVELOPMENT_TEAM = 6466Z7F327;
				GENERATE_INFOPLIST_FILE = YES;
				IPHONEOS_DEPLOYMENT_TARGET = 18.4;
				MACOSX_DEPLOYMENT_TARGET = 15.4;
				MARKETING_VERSION = 1.0;
				PRODUCT_BUNDLE_IDENTIFIER = com.Jasonpeter.TREEUITests;
				PRODUCT_NAME = "$(TARGET_NAME)";
				SDKROOT = auto;
				SUPPORTED_PLATFORMS = "iphoneos iphonesimulator macosx xros xrsimulator";
				SWIFT_EMIT_LOC_STRINGS = NO;
				SWIFT_VERSION = 5.0;
				TARGETED_DEVICE_FAMILY = "1,2,7";
				TEST_TARGET_NAME = TREE;
				XROS_DEPLOYMENT_TARGET = 2.4;
			};
			name = Release;
		};
/* End XCBuildConfiguration section */

/* Begin XCConfigurationList section */
		53A989AC2DD8001E00FADC05 /* Build configuration list for PBXProject "TREE" */ = {
			isa = XCConfigurationList;
			buildConfigurations = (
				53A989D62DD8002200FADC05 /* Debug */,
				53A989D72DD8002200FADC05 /* Release */,
			);
			defaultConfigurationIsVisible = 0;
			defaultConfigurationName = Release;
		};
		53A989D82DD8002200FADC05 /* Build configuration list for PBXNativeTarget "TREE" */ = {
			isa = XCConfigurationList;
			buildConfigurations = (
				53A989D92DD8002200FADC05 /* Debug */,
				53A989DA2DD8002200FADC05 /* Release */,
			);
			defaultConfigurationIsVisible = 0;
			defaultConfigurationName = Release;
		};
		53A989DB2DD8002200FADC05 /* Build configuration list for PBXNativeTarget "TREETests" */ = {
			isa = XCConfigurationList;
			buildConfigurations = (
				53A989DC2DD8002200FADC05 /* Debug */,
				53A989DD2DD8002200FADC05 /* Release */,
			);
			defaultConfigurationIsVisible = 0;
			defaultConfigurationName = Release;
		};
		53A989DE2DD8002200FADC05 /* Build configuration list for PBXNativeTarget "TREEUITests" */ = {
			isa = XCConfigurationList;
			buildConfigurations = (
				53A989DF2DD8002200FADC05 /* Debug */,
				53A989E02DD8002200FADC05 /* Release */,
			);
			defaultConfigurationIsVisible = 0;
			defaultConfigurationName = Release;
		};
/* End XCConfigurationList section */

/* Begin XCRemoteSwiftPackageReference section */
		5353BE862E2B527000C2FEAE /* XCRemoteSwiftPackageReference "Kingfisher" */ = {
			isa = XCRemoteSwiftPackageReference;
			repositoryURL = "https://github.com/onevcat/Kingfisher.git";
			requirement = {
				kind = upToNextMajorVersion;
				minimumVersion = 8.5.0;
			};
		};
		53F2DD8A2E2987C9003A9EE8 /* XCRemoteSwiftPackageReference "firebase-ios-sdk" */ = {
			isa = XCRemoteSwiftPackageReference;
			repositoryURL = "https://github.com/firebase/firebase-ios-sdk";
			requirement = {
				kind = upToNextMajorVersion;
				minimumVersion = 12.0.0;
			};
		};
/* End XCRemoteSwiftPackageReference section */

/* Begin XCSwiftPackageProductDependency section */
		5353BE872E2B527000C2FEAE /* Kingfisher */ = {
			isa = XCSwiftPackageProductDependency;
			package = 5353BE862E2B527000C2FEAE /* XCRemoteSwiftPackageReference "Kingfisher" */;
			productName = Kingfisher;
		};
		53BE40252E46DE7200190947 /* FirebaseMessaging */ = {
			isa = XCSwiftPackageProductDependency;
			package = 53F2DD8A2E2987C9003A9EE8 /* XCRemoteSwiftPackageReference "firebase-ios-sdk" */;
			productName = FirebaseMessaging;
		};
		53F2DD8B2E2987C9003A9EE8 /* FirebaseAuth */ = {
			isa = XCSwiftPackageProductDependency;
			package = 53F2DD8A2E2987C9003A9EE8 /* XCRemoteSwiftPackageReference "firebase-ios-sdk" */;
			productName = FirebaseAuth;
		};
		53F2DD8D2E2987C9003A9EE8 /* FirebaseAuthCombine-Community */ = {
			isa = XCSwiftPackageProductDependency;
			package = 53F2DD8A2E2987C9003A9EE8 /* XCRemoteSwiftPackageReference "firebase-ios-sdk" */;
			productName = "FirebaseAuthCombine-Community";
		};
		53F2DD8F2E2987C9003A9EE8 /* FirebaseDatabase */ = {
			isa = XCSwiftPackageProductDependency;
			package = 53F2DD8A2E2987C9003A9EE8 /* XCRemoteSwiftPackageReference "firebase-ios-sdk" */;
			productName = FirebaseDatabase;
		};
		53F2DD912E2987C9003A9EE8 /* FirebaseFirestore */ = {
			isa = XCSwiftPackageProductDependency;
			package = 53F2DD8A2E2987C9003A9EE8 /* XCRemoteSwiftPackageReference "firebase-ios-sdk" */;
			productName = FirebaseFirestore;
		};
		53F2DD932E2987C9003A9EE8 /* FirebaseFirestoreCombine-Community */ = {
			isa = XCSwiftPackageProductDependency;
			package = 53F2DD8A2E2987C9003A9EE8 /* XCRemoteSwiftPackageReference "firebase-ios-sdk" */;
			productName = "FirebaseFirestoreCombine-Community";
		};
		53F2DD952E2987C9003A9EE8 /* FirebaseStorage */ = {
			isa = XCSwiftPackageProductDependency;
			package = 53F2DD8A2E2987C9003A9EE8 /* XCRemoteSwiftPackageReference "firebase-ios-sdk" */;
			productName = FirebaseStorage;
		};
		53F2DD972E2987C9003A9EE8 /* FirebaseStorageCombine-Community */ = {
			isa = XCSwiftPackageProductDependency;
			package = 53F2DD8A2E2987C9003A9EE8 /* XCRemoteSwiftPackageReference "firebase-ios-sdk" */;
			productName = "FirebaseStorageCombine-Community";
		};
/* End XCSwiftPackageProductDependency section */

/* Begin XCVersionGroup section */
		539303582E23AAED000B88FB /* TREE.xcdatamodeld */ = {
			isa = XCVersionGroup;
			children = (
				5393035B2E23AAED000B88FB /* TREE.xcdatamodel */,
			);
			currentVersion = 5393035B2E23AAED000B88FB /* TREE.xcdatamodel */;
			path = TREE.xcdatamodeld;
			sourceTree = "<group>";
			versionGroupType = wrapper.xcdatamodel;
		};
/* End XCVersionGroup section */
	};
	rootObject = 53A989A92DD8001E00FADC05 /* Project object */;
}
